
Microsoft Visual Studio Solution File, Format Version 12.00
# Visual Studio 2013
VisualStudioVersion = 12.0.21005.1
MinimumVisualStudioVersion = 10.0.40219.1
Project("{FAE04EC0-301F-11D3-BF4B-00C04F79EFBC}") = "PasswordStrength", "PasswordStrength\PasswordStrength.csproj", "{335F3569-0732-4FA7-8860-0421CFAAF761}"
EndProject
Project("{FAE04EC0-301F-11D3-BF4B-00C04F79EFBC}") = "PasswordStrengthTest", "PasswordStrengthTest\PasswordStrengthTest.csproj", "{A171736B-C10A-428F-8D64-BBD1248CB513}"
EndProject
Project("{2150E333-8FDC-42A3-9474-1A3956D46DE8}") = "Solution Items", "Solution Items", "{F1B45026-7F35-42C4-94EF-696AF07481F1}"
	ProjectSection(SolutionItems) = preProject
		..\.gitignore = ..\.gitignore
		..\README.md = ..\README.md
	EndProjectSection
EndProject
Global
	GlobalSection(SolutionConfigurationPlatforms) = preSolution
		Debug|Any CPU = Debug|Any CPU
		Release|Any CPU = Release|Any CPU
	EndGlobalSection
	GlobalSection(ProjectConfigurationPlatforms) = postSolution
		{335F3569-0732-4FA7-8860-0421CFAAF761}.Debug|Any CPU.ActiveCfg = Debug|Any CPU
		{335F3569-0732-4FA7-8860-0421CFAAF761}.Debug|Any CPU.Build.0 = Debug|Any CPU
		{335F3569-0732-4FA7-8860-0421CFAAF761}.Release|Any CPU.ActiveCfg = Release|Any CPU
		{335F3569-0732-4FA7-8860-0421CFAAF761}.Release|Any CPU.Build.0 = Release|Any CPU
		{A171736B-C10A-428F-8D64-BBD1248CB513}.Debug|Any CPU.ActiveCfg = Debug|Any CPU
		{A171736B-C10A-428F-8D64-BBD1248CB513}.Debug|Any CPU.Build.0 = Debug|Any CPU
		{A171736B-C10A-428F-8D64-BBD1248CB513}.Release|Any CPU.ActiveCfg = Release|Any CPU
		{A171736B-C10A-428F-8D64-BBD1248CB513}.Release|Any CPU.Build.0 = Release|Any CPU
	EndGlobalSection
	GlobalSection(SolutionProperties) = preSolution
		HideSolutionNode = FALSE
	EndGlobalSection
EndGlobal
